{
  "projects": [
    {
      "projectId": "ucKtTZj37Czv57nH2NjU3V",
      "version": "latest",
      "dependencies": {},
      "lang": "ts",
      "fileLocks": [
        {
          "type": "globalVariant",
          "assetId": "1ipfISyeqKQRX",
          "checksum": "062e40e8ad2ed6aec9807b92b0ca1fd0"
        },
        {
          "assetId": "ucKtTZj37Czv57nH2NjU3V",
          "type": "projectCss",
          "checksum": "533b170393cd57958e2dccf39f8ed866"
        },
        {
          "type": "renderModule",
          "assetId": "blsMRoAum_EE",
          "checksum": "20b9d0f42105c8aadcdd978e0ecd6ff7"
        },
        {
          "type": "cssRules",
          "assetId": "blsMRoAum_EE",
          "checksum": "20b9d0f42105c8aadcdd978e0ecd6ff7"
        },
        {
          "type": "renderModule",
          "assetId": "-p1NRPLoV2_",
          "checksum": "68f8ac450664913c8f214fc4046d765c"
        },
        {
          "type": "cssRules",
          "assetId": "-p1NRPLoV2_",
          "checksum": "68f8ac450664913c8f214fc4046d765c"
        },
        {
          "type": "renderModule",
          "assetId": "7vmSwHtZc",
          "checksum": "5c9ac226bab82ffe22d0ef931a7f74cb"
        },
        {
          "type": "cssRules",
          "assetId": "7vmSwHtZc",
          "checksum": "5c9ac226bab82ffe22d0ef931a7f74cb"
        },
        {
          "type": "icon",
          "assetId": "1p2Ng-dHwjL",
          "checksum": "25a5b922ffcac97550ad8ce57f408ecf"
        },
        {
          "type": "icon",
          "assetId": "ekw8kVUhCGQ",
          "checksum": "065f818427ab3ecab4b9f5b5c7bfb433"
        },
        {
          "type": "icon",
          "assetId": "lMoJRDLQcd",
          "checksum": "4b40cd89205e4b9d84531ca400674a83"
        },
        {
          "type": "icon",
          "assetId": "zVuiMpwact",
          "checksum": "e969e691f2014e131967273e513f6cd2"
        },
        {
          "type": "icon",
          "assetId": "OaIA0Kbwh5",
          "checksum": "f96049bc3b66fd7099f0730c85810476"
        }
      ],
      "codegenVersion": "0.0.1"
    }
  ],
  "cliVersion": "0.1.212"
}
